// !$*UTF8*$!
{
	archiveVersion = 1;
	classes = {
	};
	objectVersion = 46;
	objects = {

/* Begin PBXBuildFile section */
		76EC43201F45CF4400AD1690 /* ViewController.xib in Resources */ = {isa = PBXBuildFile; fileRef = 76EC431F1F45CF4400AD1690 /* ViewController.xib */; };
		76EC43231F45DE1A00AD1690 /* RecordTableViewCell.swift in Sources */ = {isa = PBXBuildFile; fileRef = 76EC43211F45DE1A00AD1690 /* RecordTableViewCell.swift */; };
		76EC43241F45DE1A00AD1690 /* RecordTableViewCell.xib in Resources */ = {isa = PBXBuildFile; fileRef = 76EC43221F45DE1A00AD1690 /* RecordTableViewCell.xib */; };
		93750F505CD1C64C29B3CEDF /* Pods_MintPush.framework in Frameworks */ = {isa = PBXBuildFile; fileRef = 3B389C8FF4619BD0C814895E /* Pods_MintPush.framework */; };
		B123CF1B1E07F5F500975910 /* AppDelegate.swift in Sources */ = {isa = PBXBuildFile; fileRef = B123CF1A1E07F5F500975910 /* AppDelegate.swift */; };
		B123CF1D1E07F5F500975910 /* ViewController.swift in Sources */ = {isa = PBXBuildFile; fileRef = B123CF1C1E07F5F500975910 /* ViewController.swift */; };
		B123CF221E07F5F500975910 /* Assets.xcassets in Resources */ = {isa = PBXBuildFile; fileRef = B123CF211E07F5F500975910 /* Assets.xcassets */; };
		B123CF251E07F5F500975910 /* LaunchScreen.storyboard in Resources */ = {isa = PBXBuildFile; fileRef = B123CF231E07F5F500975910 /* LaunchScreen.storyboard */; };
/* End PBXBuildFile section */

/* Begin PBXFileReference section */
		1476A3F0835419929B9C9423 /* Pods-MintPush.debug.xcconfig */ = {isa = PBXFileReference; includeInIndex = 1; lastKnownFileType = text.xcconfig; name = "Pods-MintPush.debug.xcconfig"; path = "Pods/Target Support Files/Pods-MintPush/Pods-MintPush.debug.xcconfig"; sourceTree = "<group>"; };
		3B389C8FF4619BD0C814895E /* Pods_MintPush.framework */ = {isa = PBXFileReference; explicitFileType = wrapper.framework; includeInIndex = 0; path = Pods_MintPush.framework; sourceTree = BUILT_PRODUCTS_DIR; };
		76EC431F1F45CF4400AD1690 /* ViewController.xib */ = {isa = PBXFileReference; fileEncoding = 4; lastKnownFileType = file.xib; path = ViewController.xib; sourceTree = "<group>"; };
		76EC43211F45DE1A00AD1690 /* RecordTableViewCell.swift */ = {isa = PBXFileReference; fileEncoding = 4; lastKnownFileType = sourcecode.swift; path = RecordTableViewCell.swift; sourceTree = "<group>"; };
		76EC43221F45DE1A00AD1690 /* RecordTableViewCell.xib */ = {isa = PBXFileReference; fileEncoding = 4; lastKnownFileType = file.xib; path = RecordTableViewCell.xib; sourceTree = "<group>"; };
		8DF3871AEC0B300DA661B660 /* Pods-MintPush.release.xcconfig */ = {isa = PBXFileReference; includeInIndex = 1; lastKnownFileType = text.xcconfig; name = "Pods-MintPush.release.xcconfig"; path = "Pods/Target Support Files/Pods-MintPush/Pods-MintPush.release.xcconfig"; sourceTree = "<group>"; };
		B123CF171E07F5F500975910 /* MintPush.app */ = {isa = PBXFileReference; explicitFileType = wrapper.application; includeInIndex = 0; path = MintPush.app; sourceTree = BUILT_PRODUCTS_DIR; };
		B123CF1A1E07F5F500975910 /* AppDelegate.swift */ = {isa = PBXFileReference; lastKnownFileType = sourcecode.swift; path = AppDelegate.swift; sourceTree = "<group>"; };
		B123CF1C1E07F5F500975910 /* ViewController.swift */ = {isa = PBXFileReference; lastKnownFileType = sourcecode.swift; path = ViewController.swift; sourceTree = "<group>"; };
		B123CF211E07F5F500975910 /* Assets.xcassets */ = {isa = PBXFileReference; lastKnownFileType = folder.assetcatalog; path = Assets.xcassets; sourceTree = "<group>"; };
		B123CF241E07F5F500975910 /* Base */ = {isa = PBXFileReference; lastKnownFileType = file.storyboard; name = Base; path = Base.lproj/LaunchScreen.storyboard; sourceTree = "<group>"; };
		B123CF261E07F5F500975910 /* Info.plist */ = {isa = PBXFileReference; lastKnownFileType = text.plist.xml; path = Info.plist; sourceTree = "<group>"; };
		B123CF2C1E07FB2B00975910 /* MintPush.entitlements */ = {isa = PBXFileReference; lastKnownFileType = text.plist.entitlements; path = MintPush.entitlements; sourceTree = "<group>"; };
/* End PBXFileReference section */

/* Begin PBXFrameworksBuildPhase section */
		B123CF141E07F5F500975910 /* Frameworks */ = {
			isa = PBXFrameworksBuildPhase;
			buildActionMask = 2147483647;
			files = (
				93750F505CD1C64C29B3CEDF /* Pods_MintPush.framework in Frameworks */,
			);
			runOnlyForDeploymentPostprocessing = 0;
		};
/* End PBXFrameworksBuildPhase section */

/* Begin PBXGroup section */
		027E333BCC56CAC900AC247C /* Pods */ = {
			isa = PBXGroup;
			children = (
				1476A3F0835419929B9C9423 /* Pods-MintPush.debug.xcconfig */,
				8DF3871AEC0B300DA661B660 /* Pods-MintPush.release.xcconfig */,
			);
			name = Pods;
			sourceTree = "<group>";
		};
		6E37A2F1210E2ECA334F77A2 /* Frameworks */ = {
			isa = PBXGroup;
			children = (
				3B389C8FF4619BD0C814895E /* Pods_MintPush.framework */,
			);
			name = Frameworks;
			sourceTree = "<group>";
		};
		76EC43251F45DE1E00AD1690 /* RecordTableViewCell */ = {
			isa = PBXGroup;
			children = (
				76EC43211F45DE1A00AD1690 /* RecordTableViewCell.swift */,
				76EC43221F45DE1A00AD1690 /* RecordTableViewCell.xib */,
			);
			name = RecordTableViewCell;
			sourceTree = "<group>";
		};
		76EC43261F45DE2500AD1690 /* ViewController */ = {
			isa = PBXGroup;
			children = (
				B123CF1C1E07F5F500975910 /* ViewController.swift */,
				76EC431F1F45CF4400AD1690 /* ViewController.xib */,
			);
			name = ViewController;
			sourceTree = "<group>";
		};
		B123CF0E1E07F5F500975910 = {
			isa = PBXGroup;
			children = (
				B123CF191E07F5F500975910 /* MintPush */,
				B123CF181E07F5F500975910 /* Products */,
				027E333BCC56CAC900AC247C /* Pods */,
				6E37A2F1210E2ECA334F77A2 /* Frameworks */,
			);
			sourceTree = "<group>";
		};
		B123CF181E07F5F500975910 /* Products */ = {
			isa = PBXGroup;
			children = (
				B123CF171E07F5F500975910 /* MintPush.app */,
			);
			name = Products;
			sourceTree = "<group>";
		};
		B123CF191E07F5F500975910 /* MintPush */ = {
			isa = PBXGroup;
			children = (
				B123CF2C1E07FB2B00975910 /* MintPush.entitlements */,
				B123CF1A1E07F5F500975910 /* AppDelegate.swift */,
				76EC43261F45DE2500AD1690 /* ViewController */,
				76EC43251F45DE1E00AD1690 /* RecordTableViewCell */,
				B123CF211E07F5F500975910 /* Assets.xcassets */,
				B123CF231E07F5F500975910 /* LaunchScreen.storyboard */,
				B123CF261E07F5F500975910 /* Info.plist */,
			);
			path = MintPush;
			sourceTree = "<group>";
		};
/* End PBXGroup section */

/* Begin PBXNativeTarget section */
		B123CF161E07F5F500975910 /* MintPush */ = {
			isa = PBXNativeTarget;
			buildConfigurationList = B123CF291E07F5F500975910 /* Build configuration list for PBXNativeTarget "MintPush" */;
			buildPhases = (
				AED9C59685CB52244E4BD4FC /* [CP] Check Pods Manifest.lock */,
				B123CF131E07F5F500975910 /* Sources */,
				B123CF141E07F5F500975910 /* Frameworks */,
				B123CF151E07F5F500975910 /* Resources */,
				DE48B0354032E52EAB0B5D19 /* [CP] Embed Pods Frameworks */,
				E927D3286560792B060BCED8 /* [CP] Copy Pods Resources */,
			);
			buildRules = (
			);
			dependencies = (
			);
			name = MintPush;
			productName = MintPush;
			productReference = B123CF171E07F5F500975910 /* MintPush.app */;
			productType = "com.apple.product-type.application";
		};
/* End PBXNativeTarget section */

/* Begin PBXProject section */
		B123CF0F1E07F5F500975910 /* Project object */ = {
			isa = PBXProject;
			attributes = {
				LastSwiftUpdateCheck = 0810;
				LastUpgradeCheck = 0810;
				ORGANIZATIONNAME = Peakode;
				TargetAttributes = {
					B123CF161E07F5F500975910 = {
						CreatedOnToolsVersion = 8.1;
						DevelopmentTeam = UT7JEP2FD8;
						ProvisioningStyle = Manual;
						SystemCapabilities = {
							com.apple.Push = {
								enabled = 1;
							};
						};
					};
				};
			};
			buildConfigurationList = B123CF121E07F5F500975910 /* Build configuration list for PBXProject "MintPush" */;
			compatibilityVersion = "Xcode 3.2";
			developmentRegion = English;
			hasScannedForEncodings = 0;
			knownRegions = (
				en,
				Base,
			);
			mainGroup = B123CF0E1E07F5F500975910;
			productRefGroup = B123CF181E07F5F500975910 /* Products */;
			projectDirPath = "";
			projectRoot = "";
			targets = (
				B123CF161E07F5F500975910 /* MintPush */,
			);
		};
/* End PBXProject section */

/* Begin PBXResourcesBuildPhase section */
		B123CF151E07F5F500975910 /* Resources */ = {
			isa = PBXResourcesBuildPhase;
			buildActionMask = 2147483647;
			files = (
				B123CF251E07F5F500975910 /* LaunchScreen.storyboard in Resources */,
				76EC43201F45CF4400AD1690 /* ViewController.xib in Resources */,
				76EC43241F45DE1A00AD1690 /* RecordTableViewCell.xib in Resources */,
				B123CF221E07F5F500975910 /* Assets.xcassets in Resources */,
			);
			runOnlyForDeploymentPostprocessing = 0;
		};
/* End PBXResourcesBuildPhase section */

/* Begin PBXShellScriptBuildPhase section */
		AED9C59685CB52244E4BD4FC /* [CP] Check Pods Manifest.lock */ = {
			isa = PBXShellScriptBuildPhase;
			buildActionMask = 2147483647;
			files = (
			);
			inputPaths = (
			);
			name = "[CP] Check Pods Manifest.lock";
			outputPaths = (
			);
			runOnlyForDeploymentPostprocessing = 0;
			shellPath = /bin/sh;
			shellScript = "diff \"${PODS_PODFILE_DIR_PATH}/Podfile.lock\" \"${PODS_ROOT}/Manifest.lock\" > /dev/null\nif [ $? != 0 ] ; then\n    # print error to STDERR\n    echo \"error: The sandbox is not in sync with the Podfile.lock. Run 'pod install' or update your CocoaPods installation.\" >&2\n    exit 1\nfi\n";
			showEnvVarsInLog = 0;
		};
		DE48B0354032E52EAB0B5D19 /* [CP] Embed Pods Frameworks */ = {
			isa = PBXShellScriptBuildPhase;
			buildActionMask = 2147483647;
			files = (
			);
			inputPaths = (
			);
			name = "[CP] Embed Pods Frameworks";
			outputPaths = (
			);
			runOnlyForDeploymentPostprocessing = 0;
			shellPath = /bin/sh;
			shellScript = "\"${SRCROOT}/Pods/Target Support Files/Pods-MintPush/Pods-MintPush-frameworks.sh\"\n";
			showEnvVarsInLog = 0;
		};
		E927D3286560792B060BCED8 /* [CP] Copy Pods Resources */ = {
			isa = PBXShellScriptBuildPhase;
			buildActionMask = 2147483647;
			files = (
			);
			inputPaths = (
			);
			name = "[CP] Copy Pods Resources";
			outputPaths = (
			);
			runOnlyForDeploymentPostprocessing = 0;
			shellPath = /bin/sh;
			shellScript = "\"${SRCROOT}/Pods/Target Support Files/Pods-MintPush/Pods-MintPush-resources.sh\"\n";
			showEnvVarsInLog = 0;
		};
/* End PBXShellScriptBuildPhase section */

/* Begin PBXSourcesBuildPhase section */
		B123CF131E07F5F500975910 /* Sources */ = {
			isa = PBXSourcesBuildPhase;
			buildActionMask = 2147483647;
			files = (
				B123CF1D1E07F5F500975910 /* ViewController.swift in Sources */,
				B123CF1B1E07F5F500975910 /* AppDelegate.swift in Sources */,
				76EC43231F45DE1A00AD1690 /* RecordTableViewCell.swift in Sources */,
			);
			runOnlyForDeploymentPostprocessing = 0;
		};
/* End PBXSourcesBuildPhase section */

/* Begin PBXVariantGroup section */
		B123CF231E07F5F500975910 /* LaunchScreen.storyboard */ = {
			isa = PBXVariantGroup;
			children = (
				B123CF241E07F5F500975910 /* Base */,
			);
			name = LaunchScreen.storyboard;
			sourceTree = "<group>";
		};
/* End PBXVariantGroup section */

/* Begin XCBuildConfiguration section */
		B123CF271E07F5F500975910 /* Debug */ = {
			isa = XCBuildConfiguration;
			buildSettings = {
				ALWAYS_SEARCH_USER_PATHS = NO;
				CLANG_ANALYZER_NONNULL = YES;
				CLANG_CXX_LANGUAGE_STANDARD = "gnu++0x";
				CLANG_CXX_LIBRARY = "libc++";
				CLANG_ENABLE_MODULES = YES;
				CLANG_ENABLE_OBJC_ARC = YES;
				CLANG_WARN_BOOL_CONVERSION = YES;
				CLANG_WARN_CONSTANT_CONVERSION = YES;
				CLANG_WARN_DIRECT_OBJC_ISA_USAGE = YES_ERROR;
				CLANG_WARN_DOCUMENTATION_COMMENTS = YES;
				CLANG_WARN_EMPTY_BODY = YES;
				CLANG_WARN_ENUM_CONVERSION = YES;
				CLANG_WARN_INFINITE_RECURSION = YES;
				CLANG_WARN_INT_CONVERSION = YES;
				CLANG_WARN_OBJC_ROOT_CLASS = YES_ERROR;
				CLANG_WARN_SUSPICIOUS_MOVES = YES;
				CLANG_WARN_UNREACHABLE_CODE = YES;
				CLANG_WARN__DUPLICATE_METHOD_MATCH = YES;
				"CODE_SIGN_IDENTITY[sdk=iphoneos*]" = "iPhone Developer";
				COPY_PHASE_STRIP = NO;
				DEBUG_INFORMATION_FORMAT = dwarf;
				ENABLE_STRICT_OBJC_MSGSEND = YES;
				ENABLE_TESTABILITY = YES;
				GCC_C_LANGUAGE_STANDARD = gnu99;
				GCC_DYNAMIC_NO_PIC = NO;
				GCC_NO_COMMON_BLOCKS = YES;
				GCC_OPTIMIZATION_LEVEL = 0;
				GCC_PREPROCESSOR_DEFINITIONS = (
					"DEBUG=1",
					"$(inherited)",
				);
				GCC_WARN_64_TO_32_BIT_CONVERSION = YES;
				GCC_WARN_ABOUT_RETURN_TYPE = YES_ERROR;
				GCC_WARN_UNDECLARED_SELECTOR = YES;
				GCC_WARN_UNINITIALIZED_AUTOS = YES_AGGRESSIVE;
				GCC_WARN_UNUSED_FUNCTION = YES;
				GCC_WARN_UNUSED_VARIABLE = YES;
				IPHONEOS_DEPLOYMENT_TARGET = 10.1;
				MTL_ENABLE_DEBUG_INFO = YES;
				ONLY_ACTIVE_ARCH = YES;
				SDKROOT = iphoneos;
				SWIFT_ACTIVE_COMPILATION_CONDITIONS = DEBUG;
				SWIFT_OPTIMIZATION_LEVEL = "-Onone";
				TARGETED_DEVICE_FAMILY = "1,2";
			};
			name = Debug;
		};
		B123CF281E07F5F500975910 /* Release */ = {
			isa = XCBuildConfiguration;
			buildSettings = {
				ALWAYS_SEARCH_USER_PATHS = NO;
				CLANG_ANALYZER_NONNULL = YES;
				CLANG_CXX_LANGUAGE_STANDARD = "gnu++0x";
				CLANG_CXX_LIBRARY = "libc++";
				CLANG_ENABLE_MODULES = YES;
				CLANG_ENABLE_OBJC_ARC = YES;
				CLANG_WARN_BOOL_CONVERSION = YES;
				CLANG_WARN_CONSTANT_CONVERSION = YES;
				CLANG_WARN_DIRECT_OBJC_ISA_USAGE = YES_ERROR;
				CLANG_WARN_DOCUMENTATION_COMMENTS = YES;
				CLANG_WARN_EMPTY_BODY = YES;
				CLANG_WARN_ENUM_CONVERSION = YES;
				CLANG_WARN_INFINITE_RECURSION = YES;
				CLANG_WARN_INT_CONVERSION = YES;
				CLANG_WARN_OBJC_ROOT_CLASS = YES_ERROR;
				CLANG_WARN_SUSPICIOUS_MOVES = YES;
				CLANG_WARN_UNREACHABLE_CODE = YES;
				CLANG_WARN__DUPLICATE_METHOD_MATCH = YES;
				"CODE_SIGN_IDENTITY[sdk=iphoneos*]" = "iPhone Developer";
				COPY_PHASE_STRIP = NO;
				DEBUG_INFORMATION_FORMAT = "dwarf-with-dsym";
				ENABLE_NS_ASSERTIONS = NO;
				ENABLE_STRICT_OBJC_MSGSEND = YES;
				GCC_C_LANGUAGE_STANDARD = gnu99;
				GCC_NO_COMMON_BLOCKS = YES;
				GCC_WARN_64_TO_32_BIT_CONVERSION = YES;
				GCC_WARN_ABOUT_RETURN_TYPE = YES_ERROR;
				GCC_WARN_UNDECLARED_SELECTOR = YES;
				GCC_WARN_UNINITIALIZED_AUTOS = YES_AGGRESSIVE;
				GCC_WARN_UNUSED_FUNCTION = YES;
				GCC_WARN_UNUSED_VARIABLE = YES;
				IPHONEOS_DEPLOYMENT_TARGET = 10.1;
				MTL_ENABLE_DEBUG_INFO = NO;
				SDKROOT = iphoneos;
				SWIFT_OPTIMIZATION_LEVEL = "-Owholemodule";
				TARGETED_DEVICE_FAMILY = "1,2";
				VALIDATE_PRODUCT = YES;
			};
			name = Release;
		};
		B123CF2A1E07F5F500975910 /* Debug */ = {
			isa = XCBuildConfiguration;
			baseConfigurationReference = 1476A3F0835419929B9C9423 /* Pods-MintPush.debug.xcconfig */;
			buildSettings = {
				ASSETCATALOG_COMPILER_APPICON_NAME = AppIcon;
				CODE_SIGN_ENTITLEMENTS = MintPush/MintPush.entitlements;
				DEVELOPMENT_TEAM = UT7JEP2FD8;
				INFOPLIST_FILE = MintPush/Info.plist;
				LD_RUNPATH_SEARCH_PATHS = "$(inherited) @executable_path/Frameworks";
				PRODUCT_BUNDLE_IDENTIFIER = com.peakode.MintPush;
				PRODUCT_NAME = "$(TARGET_NAME)";
				PROVISIONING_PROFILE = "f5e44b8a-2312-4371-96c5-588e6ad224cd";
				PROVISIONING_PROFILE_SPECIFIER = MINTPUSH_SANDBOX;
				SWIFT_VERSION = 3.0;
			};
			name = Debug;
		};
		B123CF2B1E07F5F500975910 /* Release */ = {
			isa = XCBuildConfiguration;
			baseConfigurationReference = 8DF3871AEC0B300DA661B660 /* Pods-MintPush.release.xcconfig */;
			buildSettings = {
				ASSETCATALOG_COMPILER_APPICON_NAME = AppIcon;
				CODE_SIGN_ENTITLEMENTS = MintPush/MintPush.entitlements;
				DEVELOPMENT_TEAM = UT7JEP2FD8;
				INFOPLIST_FILE = MintPush/Info.plist;
				LD_RUNPATH_SEARCH_PATHS = "$(inherited) @executable_path/Frameworks";
				PRODUCT_BUNDLE_IDENTIFIER = com.peakode.MintPush;
				PRODUCT_NAME = "$(TARGET_NAME)";
				PROVISIONING_PROFILE = "f5e44b8a-2312-4371-96c5-588e6ad224cd";
				PROVISIONING_PROFILE_SPECIFIER = MINTPUSH_SANDBOX;
				SWIFT_VERSION = 3.0;
			};
			name = Release;
		};
/* End XCBuildConfiguration section */

/* Begin XCConfigurationList section */
		B123CF121E07F5F500975910 /* Build configuration list for PBXProject "MintPush" */ = {
			isa = XCConfigurationList;
			buildConfigurations = (
				B123CF271E07F5F500975910 /* Debug */,
				B123CF281E07F5F500975910 /* Release */,
			);
			defaultConfigurationIsVisible = 0;
			defaultConfigurationName = Release;
		};
		B123CF291E07F5F500975910 /* Build configuration list for PBXNativeTarget "MintPush" */ = {
			isa = XCConfigurationList;
			buildConfigurations = (
				B123CF2A1E07F5F500975910 /* Debug */,
				B123CF2B1E07F5F500975910 /* Release */,
			);
			defaultConfigurationIsVisible = 0;
			defaultConfigurationName = Release;
		};
/* End XCConfigurationList section */
	};
	rootObject = B123CF0F1E07F5F500975910 /* Project object */;
}
